// !$*UTF8*$!
{
	archiveVersion = 1;
	classes = {
	};
	objectVersion = 46;
	objects = {

/* Begin PBXBuildFile section */
		05157C651B8AFECF00A6714F /* TDProjectOverviewTableViewController.m in Sources */ = {isa = PBXBuildFile; fileRef = 05157C641B8AFECF00A6714F /* TDProjectOverviewTableViewController.m */; };
		05157C681B8AFF8700A6714F /* TDIntervalTableViewCell.m in Sources */ = {isa = PBXBuildFile; fileRef = 05157C671B8AFF8700A6714F /* TDIntervalTableViewCell.m */; };
		05157C6C1B8B0EC200A6714F /* Project.m in Sources */ = {isa = PBXBuildFile; fileRef = 05157C6B1B8B0EC200A6714F /* Project.m */; };
		05157C6F1B8B0FEB00A6714F /* TimeInterval.m in Sources */ = {isa = PBXBuildFile; fileRef = 05157C6E1B8B0FEB00A6714F /* TimeInterval.m */; };
		05157C7B1B8B233000A6714F /* TDTimeIntervalValidator.m in Sources */ = {isa = PBXBuildFile; fileRef = 05157C7A1B8B233000A6714F /* TDTimeIntervalValidator.m */; };
		05157C7E1B8B25BD00A6714F /* NSDate+CompareDates.m in Sources */ = {isa = PBXBuildFile; fileRef = 05157C7D1B8B25BD00A6714F /* NSDate+CompareDates.m */; };
		05157C851B8B311100A6714F /* TDTimeUtils.m in Sources */ = {isa = PBXBuildFile; fileRef = 05157C841B8B311100A6714F /* TDTimeUtils.m */; };
		052695881B8A6D9200257B10 /* TDNewIntervalTableViewController.m in Sources */ = {isa = PBXBuildFile; fileRef = 052695871B8A6D9200257B10 /* TDNewIntervalTableViewController.m */; };
		05C351D01B872A8A0050EC93 /* main.m in Sources */ = {isa = PBXBuildFile; fileRef = 05C351CF1B872A8A0050EC93 /* main.m */; };
		05C351D31B872A8A0050EC93 /* AppDelegate.m in Sources */ = {isa = PBXBuildFile; fileRef = 05C351D21B872A8A0050EC93 /* AppDelegate.m */; };
		05C351D61B872A8A0050EC93 /* TDProjectListViewController.m in Sources */ = {isa = PBXBuildFile; fileRef = 05C351D51B872A8A0050EC93 /* TDProjectListViewController.m */; };
		05C351D91B872A8A0050EC93 /* TDProjectsOverviewViewController.m in Sources */ = {isa = PBXBuildFile; fileRef = 05C351D81B872A8A0050EC93 /* TDProjectsOverviewViewController.m */; };
		05C351DC1B872A8A0050EC93 /* Main.storyboard in Resources */ = {isa = PBXBuildFile; fileRef = 05C351DA1B872A8A0050EC93 /* Main.storyboard */; };
		05C351DE1B872A8A0050EC93 /* Images.xcassets in Resources */ = {isa = PBXBuildFile; fileRef = 05C351DD1B872A8A0050EC93 /* Images.xcassets */; };
		05C351E11B872A8A0050EC93 /* LaunchScreen.xib in Resources */ = {isa = PBXBuildFile; fileRef = 05C351DF1B872A8A0050EC93 /* LaunchScreen.xib */; };
		05C351ED1B872A8A0050EC93 /* e_conomic_demoTests.m in Sources */ = {isa = PBXBuildFile; fileRef = 05C351EC1B872A8A0050EC93 /* e_conomic_demoTests.m */; };
		05C351FD1B8733150050EC93 /* e-conomic-model.xcdatamodeld in Sources */ = {isa = PBXBuildFile; fileRef = 05C351FB1B8733150050EC93 /* e-conomic-model.xcdatamodeld */; };
		05C352051B87366B0050EC93 /* Constants.m in Sources */ = {isa = PBXBuildFile; fileRef = 05C352031B87366B0050EC93 /* Constants.m */; };
		05C3523E1B8741A60050EC93 /* TDProjectGenerator.m in Sources */ = {isa = PBXBuildFile; fileRef = 05C3523D1B8741A60050EC93 /* TDProjectGenerator.m */; };
		05C352851B875C540050EC93 /* TDNewProjectModalViewController.m in Sources */ = {isa = PBXBuildFile; fileRef = 05C352841B875C540050EC93 /* TDNewProjectModalViewController.m */; };
		05C352881B8763960050EC93 /* TDCoreDataManager.m in Sources */ = {isa = PBXBuildFile; fileRef = 05C352871B8763960050EC93 /* TDCoreDataManager.m */; };
		05C3528C1B8768B10050EC93 /* NSString+StringValidation.m in Sources */ = {isa = PBXBuildFile; fileRef = 05C3528B1B8768B10050EC93 /* NSString+StringValidation.m */; };
		7C1F34DED321FADAAC5B5972 /* libPods.a in Frameworks */ = {isa = PBXBuildFile; fileRef = 548FE8108CD480B42A766BC4 /* libPods.a */; };
		838E1BCD5986130F53BEBCB5 /* libPods.a in Frameworks */ = {isa = PBXBuildFile; fileRef = 548FE8108CD480B42A766BC4 /* libPods.a */; };
/* End PBXBuildFile section */

/* Begin PBXContainerItemProxy section */
		05C351E71B872A8A0050EC93 /* PBXContainerItemProxy */ = {
			isa = PBXContainerItemProxy;
			containerPortal = 05C351C21B872A8A0050EC93 /* Project object */;
			proxyType = 1;
			remoteGlobalIDString = 05C351C91B872A8A0050EC93;
			remoteInfo = "e-conomic-demo";
		};
/* End PBXContainerItemProxy section */

/* Begin PBXFileReference section */
		05157C631B8AFECF00A6714F /* TDProjectOverviewTableViewController.h */ = {isa = PBXFileReference; fileEncoding = 4; lastKnownFileType = sourcecode.c.h; path = TDProjectOverviewTableViewController.h; sourceTree = "<group>"; };
		05157C641B8AFECF00A6714F /* TDProjectOverviewTableViewController.m */ = {isa = PBXFileReference; fileEncoding = 4; lastKnownFileType = sourcecode.c.objc; path = TDProjectOverviewTableViewController.m; sourceTree = "<group>"; };
		05157C661B8AFF8700A6714F /* TDIntervalTableViewCell.h */ = {isa = PBXFileReference; fileEncoding = 4; lastKnownFileType = sourcecode.c.h; path = TDIntervalTableViewCell.h; sourceTree = "<group>"; };
		05157C671B8AFF8700A6714F /* TDIntervalTableViewCell.m */ = {isa = PBXFileReference; fileEncoding = 4; lastKnownFileType = sourcecode.c.objc; path = TDIntervalTableViewCell.m; sourceTree = "<group>"; };
		05157C6A1B8B0EC200A6714F /* Project.h */ = {isa = PBXFileReference; fileEncoding = 4; lastKnownFileType = sourcecode.c.h; path = Project.h; sourceTree = "<group>"; };
		05157C6B1B8B0EC200A6714F /* Project.m */ = {isa = PBXFileReference; fileEncoding = 4; lastKnownFileType = sourcecode.c.objc; path = Project.m; sourceTree = "<group>"; };
		05157C6D1B8B0FEB00A6714F /* TimeInterval.h */ = {isa = PBXFileReference; fileEncoding = 4; lastKnownFileType = sourcecode.c.h; path = TimeInterval.h; sourceTree = "<group>"; };
		05157C6E1B8B0FEB00A6714F /* TimeInterval.m */ = {isa = PBXFileReference; fileEncoding = 4; lastKnownFileType = sourcecode.c.objc; path = TimeInterval.m; sourceTree = "<group>"; };
		05157C791B8B233000A6714F /* TDTimeIntervalValidator.h */ = {isa = PBXFileReference; fileEncoding = 4; lastKnownFileType = sourcecode.c.h; path = TDTimeIntervalValidator.h; sourceTree = "<group>"; };
		05157C7A1B8B233000A6714F /* TDTimeIntervalValidator.m */ = {isa = PBXFileReference; fileEncoding = 4; lastKnownFileType = sourcecode.c.objc; path = TDTimeIntervalValidator.m; sourceTree = "<group>"; };
		05157C7C1B8B25BD00A6714F /* NSDate+CompareDates.h */ = {isa = PBXFileReference; fileEncoding = 4; lastKnownFileType = sourcecode.c.h; path = "NSDate+CompareDates.h"; sourceTree = "<group>"; };
		05157C7D1B8B25BD00A6714F /* NSDate+CompareDates.m */ = {isa = PBXFileReference; fileEncoding = 4; lastKnownFileType = sourcecode.c.objc; path = "NSDate+CompareDates.m"; sourceTree = "<group>"; };
		05157C831B8B311100A6714F /* TDTimeUtils.h */ = {isa = PBXFileReference; fileEncoding = 4; lastKnownFileType = sourcecode.c.h; path = TDTimeUtils.h; sourceTree = "<group>"; };
		05157C841B8B311100A6714F /* TDTimeUtils.m */ = {isa = PBXFileReference; fileEncoding = 4; lastKnownFileType = sourcecode.c.objc; path = TDTimeUtils.m; sourceTree = "<group>"; };
		052695861B8A6D9200257B10 /* TDNewIntervalTableViewController.h */ = {isa = PBXFileReference; fileEncoding = 4; lastKnownFileType = sourcecode.c.h; path = TDNewIntervalTableViewController.h; sourceTree = "<group>"; };
		052695871B8A6D9200257B10 /* TDNewIntervalTableViewController.m */ = {isa = PBXFileReference; fileEncoding = 4; lastKnownFileType = sourcecode.c.objc; path = TDNewIntervalTableViewController.m; sourceTree = "<group>"; };
		05C351CA1B872A8A0050EC93 /* e-conomic-demo.app */ = {isa = PBXFileReference; explicitFileType = wrapper.application; includeInIndex = 0; path = "e-conomic-demo.app"; sourceTree = BUILT_PRODUCTS_DIR; };
		05C351CE1B872A8A0050EC93 /* Info.plist */ = {isa = PBXFileReference; lastKnownFileType = text.plist.xml; path = Info.plist; sourceTree = "<group>"; };
		05C351CF1B872A8A0050EC93 /* main.m */ = {isa = PBXFileReference; lastKnownFileType = sourcecode.c.objc; path = main.m; sourceTree = "<group>"; };
		05C351D11B872A8A0050EC93 /* AppDelegate.h */ = {isa = PBXFileReference; lastKnownFileType = sourcecode.c.h; path = AppDelegate.h; sourceTree = "<group>"; };
		05C351D21B872A8A0050EC93 /* AppDelegate.m */ = {isa = PBXFileReference; lastKnownFileType = sourcecode.c.objc; path = AppDelegate.m; sourceTree = "<group>"; };
		05C351D41B872A8A0050EC93 /* TDProjectListViewController.h */ = {isa = PBXFileReference; lastKnownFileType = sourcecode.c.h; path = TDProjectListViewController.h; sourceTree = "<group>"; };
		05C351D51B872A8A0050EC93 /* TDProjectListViewController.m */ = {isa = PBXFileReference; lastKnownFileType = sourcecode.c.objc; path = TDProjectListViewController.m; sourceTree = "<group>"; };
		05C351D71B872A8A0050EC93 /* TDProjectsOverviewViewController.h */ = {isa = PBXFileReference; lastKnownFileType = sourcecode.c.h; path = TDProjectsOverviewViewController.h; sourceTree = "<group>"; };
		05C351D81B872A8A0050EC93 /* TDProjectsOverviewViewController.m */ = {isa = PBXFileReference; lastKnownFileType = sourcecode.c.objc; path = TDProjectsOverviewViewController.m; sourceTree = "<group>"; };
		05C351DB1B872A8A0050EC93 /* Base */ = {isa = PBXFileReference; lastKnownFileType = file.storyboard; name = Base; path = Base.lproj/Main.storyboard; sourceTree = "<group>"; };
		05C351DD1B872A8A0050EC93 /* Images.xcassets */ = {isa = PBXFileReference; lastKnownFileType = folder.assetcatalog; path = Images.xcassets; sourceTree = "<group>"; };
		05C351E01B872A8A0050EC93 /* Base */ = {isa = PBXFileReference; lastKnownFileType = file.xib; name = Base; path = Base.lproj/LaunchScreen.xib; sourceTree = "<group>"; };
		05C351E61B872A8A0050EC93 /* e-conomic-demoTests.xctest */ = {isa = PBXFileReference; explicitFileType = wrapper.cfbundle; includeInIndex = 0; path = "e-conomic-demoTests.xctest"; sourceTree = BUILT_PRODUCTS_DIR; };
		05C351EB1B872A8A0050EC93 /* Info.plist */ = {isa = PBXFileReference; lastKnownFileType = text.plist.xml; path = Info.plist; sourceTree = "<group>"; };
		05C351EC1B872A8A0050EC93 /* e_conomic_demoTests.m */ = {isa = PBXFileReference; lastKnownFileType = sourcecode.c.objc; path = e_conomic_demoTests.m; sourceTree = "<group>"; };
		05C351FC1B8733150050EC93 /* e-conomic-model.xcdatamodel */ = {isa = PBXFileReference; lastKnownFileType = wrapper.xcdatamodel; path = "e-conomic-model.xcdatamodel"; sourceTree = "<group>"; };
		05C351FE1B87337E0050EC93 /* e-conomic-PrefixHeader.pch */ = {isa = PBXFileReference; lastKnownFileType = sourcecode.c.h; path = "e-conomic-PrefixHeader.pch"; sourceTree = "<group>"; };
		05C352031B87366B0050EC93 /* Constants.m */ = {isa = PBXFileReference; fileEncoding = 4; lastKnownFileType = sourcecode.c.objc; path = Constants.m; sourceTree = "<group>"; };
		05C352041B87366B0050EC93 /* Constants.h */ = {isa = PBXFileReference; fileEncoding = 4; lastKnownFileType = sourcecode.c.h; path = Constants.h; sourceTree = "<group>"; };
		05C3523C1B8741A60050EC93 /* TDProjectGenerator.h */ = {isa = PBXFileReference; fileEncoding = 4; lastKnownFileType = sourcecode.c.h; path = TDProjectGenerator.h; sourceTree = "<group>"; };
		05C3523D1B8741A60050EC93 /* TDProjectGenerator.m */ = {isa = PBXFileReference; fileEncoding = 4; lastKnownFileType = sourcecode.c.objc; path = TDProjectGenerator.m; sourceTree = "<group>"; };
		05C352831B875C540050EC93 /* TDNewProjectModalViewController.h */ = {isa = PBXFileReference; fileEncoding = 4; lastKnownFileType = sourcecode.c.h; path = TDNewProjectModalViewController.h; sourceTree = "<group>"; };
		05C352841B875C540050EC93 /* TDNewProjectModalViewController.m */ = {isa = PBXFileReference; fileEncoding = 4; lastKnownFileType = sourcecode.c.objc; path = TDNewProjectModalViewController.m; sourceTree = "<group>"; };
		05C352861B8763960050EC93 /* TDCoreDataManager.h */ = {isa = PBXFileReference; fileEncoding = 4; lastKnownFileType = sourcecode.c.h; path = TDCoreDataManager.h; sourceTree = "<group>"; };
		05C352871B8763960050EC93 /* TDCoreDataManager.m */ = {isa = PBXFileReference; fileEncoding = 4; lastKnownFileType = sourcecode.c.objc; path = TDCoreDataManager.m; sourceTree = "<group>"; };
		05C3528A1B8768B10050EC93 /* NSString+StringValidation.h */ = {isa = PBXFileReference; fileEncoding = 4; lastKnownFileType = sourcecode.c.h; path = "NSString+StringValidation.h"; sourceTree = "<group>"; };
		05C3528B1B8768B10050EC93 /* NSString+StringValidation.m */ = {isa = PBXFileReference; fileEncoding = 4; lastKnownFileType = sourcecode.c.objc; path = "NSString+StringValidation.m"; sourceTree = "<group>"; };
		1D49A09B80E84C22FFE8FF62 /* Pods.debug.xcconfig */ = {isa = PBXFileReference; includeInIndex = 1; lastKnownFileType = text.xcconfig; name = Pods.debug.xcconfig; path = "Pods/Target Support Files/Pods/Pods.debug.xcconfig"; sourceTree = "<group>"; };
		548FE8108CD480B42A766BC4 /* libPods.a */ = {isa = PBXFileReference; explicitFileType = archive.ar; includeInIndex = 0; path = libPods.a; sourceTree = BUILT_PRODUCTS_DIR; };
		CE0DADDD27101DE8BA230052 /* Pods.release.xcconfig */ = {isa = PBXFileReference; includeInIndex = 1; lastKnownFileType = text.xcconfig; name = Pods.release.xcconfig; path = "Pods/Target Support Files/Pods/Pods.release.xcconfig"; sourceTree = "<group>"; };
/* End PBXFileReference section */

/* Begin PBXFrameworksBuildPhase section */
		05C351C71B872A8A0050EC93 /* Frameworks */ = {
			isa = PBXFrameworksBuildPhase;
			buildActionMask = 2147483647;
			files = (
				838E1BCD5986130F53BEBCB5 /* libPods.a in Frameworks */,
			);
			runOnlyForDeploymentPostprocessing = 0;
		};
		05C351E31B872A8A0050EC93 /* Frameworks */ = {
			isa = PBXFrameworksBuildPhase;
			buildActionMask = 2147483647;
			files = (
				7C1F34DED321FADAAC5B5972 /* libPods.a in Frameworks */,
			);
			runOnlyForDeploymentPostprocessing = 0;
		};
/* End PBXFrameworksBuildPhase section */

/* Begin PBXGroup section */
		05157C621B8AFE4300A6714F /* Project Interval Overview List */ = {
			isa = PBXGroup;
			children = (
				052695891B8A6D9600257B10 /* New Interval View Controller */,
				05157C691B8AFF8C00A6714F /* Interval Custom Cell */,
				05157C631B8AFECF00A6714F /* TDProjectOverviewTableViewController.h */,
				05157C641B8AFECF00A6714F /* TDProjectOverviewTableViewController.m */,
			);
			name = "Project Interval Overview List";
			sourceTree = "<group>";
		};
		05157C691B8AFF8C00A6714F /* Interval Custom Cell */ = {
			isa = PBXGroup;
			children = (
				05157C661B8AFF8700A6714F /* TDIntervalTableViewCell.h */,
				05157C671B8AFF8700A6714F /* TDIntervalTableViewCell.m */,
			);
			name = "Interval Custom Cell";
			sourceTree = "<group>";
		};
		05157C781B8B231500A6714F /* Time Interval Validator */ = {
			isa = PBXGroup;
			children = (
				05157C791B8B233000A6714F /* TDTimeIntervalValidator.h */,
				05157C7A1B8B233000A6714F /* TDTimeIntervalValidator.m */,
			);
			name = "Time Interval Validator";
			sourceTree = "<group>";
		};
		05157C7F1B8B25C400A6714F /* NSDate Compare Category */ = {
			isa = PBXGroup;
			children = (
				05157C7C1B8B25BD00A6714F /* NSDate+CompareDates.h */,
				05157C7D1B8B25BD00A6714F /* NSDate+CompareDates.m */,
			);
			name = "NSDate Compare Category";
			sourceTree = "<group>";
		};
		05157C861B8B311400A6714F /* Time Utils */ = {
			isa = PBXGroup;
			children = (
				05157C831B8B311100A6714F /* TDTimeUtils.h */,
				05157C841B8B311100A6714F /* TDTimeUtils.m */,
			);
			name = "Time Utils";
			sourceTree = "<group>";
		};
		052695891B8A6D9600257B10 /* New Interval View Controller */ = {
			isa = PBXGroup;
			children = (
				052695861B8A6D9200257B10 /* TDNewIntervalTableViewController.h */,
				052695871B8A6D9200257B10 /* TDNewIntervalTableViewController.m */,
			);
			name = "New Interval View Controller";
			sourceTree = "<group>";
		};
		05C351C11B872A8A0050EC93 = {
			isa = PBXGroup;
			children = (
				05C351CC1B872A8A0050EC93 /* e-conomic-demo */,
				05C351E91B872A8A0050EC93 /* e-conomic-demoTests */,
				05C351CB1B872A8A0050EC93 /* Products */,
				AFB8BE60C6A0E36ED1F4A8D5 /* Pods */,
				86B9ECF029E25F0C7AEAB841 /* Frameworks */,
			);
			sourceTree = "<group>";
		};
		05C351CB1B872A8A0050EC93 /* Products */ = {
			isa = PBXGroup;
			children = (
				05C351CA1B872A8A0050EC93 /* e-conomic-demo.app */,
				05C351E61B872A8A0050EC93 /* e-conomic-demoTests.xctest */,
			);
			name = Products;
			sourceTree = "<group>";
		};
		05C351CC1B872A8A0050EC93 /* e-conomic-demo */ = {
			isa = PBXGroup;
			children = (
				05C351D11B872A8A0050EC93 /* AppDelegate.h */,
				05C351D21B872A8A0050EC93 /* AppDelegate.m */,
				05C352481B87597A0050EC93 /* Manangers */,
				05C351FF1B8735570050EC93 /* Utils */,
				05C351FA1B8732DF0050EC93 /* Core Data */,
				05C351F81B872F610050EC93 /* View Controllers */,
				05C351F91B872F6F0050EC93 /* Storyboards */,
				05C351DD1B872A8A0050EC93 /* Images.xcassets */,
				05C351DF1B872A8A0050EC93 /* LaunchScreen.xib */,
				05C351CD1B872A8A0050EC93 /* Supporting Files */,
			);
			path = "e-conomic-demo";
			sourceTree = "<group>";
		};
		05C351CD1B872A8A0050EC93 /* Supporting Files */ = {
			isa = PBXGroup;
			children = (
				05C351CE1B872A8A0050EC93 /* Info.plist */,
				05C351CF1B872A8A0050EC93 /* main.m */,
				05C351FE1B87337E0050EC93 /* e-conomic-PrefixHeader.pch */,
			);
			name = "Supporting Files";
			sourceTree = "<group>";
		};
		05C351E91B872A8A0050EC93 /* e-conomic-demoTests */ = {
			isa = PBXGroup;
			children = (
				05C351EC1B872A8A0050EC93 /* e_conomic_demoTests.m */,
				05C351EA1B872A8A0050EC93 /* Supporting Files */,
			);
			path = "e-conomic-demoTests";
			sourceTree = "<group>";
		};
		05C351EA1B872A8A0050EC93 /* Supporting Files */ = {
			isa = PBXGroup;
			children = (
				05C351EB1B872A8A0050EC93 /* Info.plist */,
			);
			name = "Supporting Files";
			sourceTree = "<group>";
		};
		05C351F61B872F490050EC93 /* Project List */ = {
			isa = PBXGroup;
			children = (
				05157C621B8AFE4300A6714F /* Project Interval Overview List */,
				05C352821B875C370050EC93 /* New Project Modal */,
				05C351D41B872A8A0050EC93 /* TDProjectListViewController.h */,
				05C351D51B872A8A0050EC93 /* TDProjectListViewController.m */,
			);
			name = "Project List";
			sourceTree = "<group>";
		};
		05C351F71B872F560050EC93 /* Projects Overview */ = {
			isa = PBXGroup;
			children = (
				05C351D71B872A8A0050EC93 /* TDProjectsOverviewViewController.h */,
				05C351D81B872A8A0050EC93 /* TDProjectsOverviewViewController.m */,
			);
			name = "Projects Overview";
			sourceTree = "<group>";
		};
		05C351F81B872F610050EC93 /* View Controllers */ = {
			isa = PBXGroup;
			children = (
				05C351F61B872F490050EC93 /* Project List */,
				05C351F71B872F560050EC93 /* Projects Overview */,
			);
			name = "View Controllers";
			sourceTree = "<group>";
		};
		05C351F91B872F6F0050EC93 /* Storyboards */ = {
			isa = PBXGroup;
			children = (
				05C351DA1B872A8A0050EC93 /* Main.storyboard */,
			);
			name = Storyboards;
			sourceTree = "<group>";
		};
		05C351FA1B8732DF0050EC93 /* Core Data */ = {
			isa = PBXGroup;
			children = (
				05C351FB1B8733150050EC93 /* e-conomic-model.xcdatamodeld */,
				05C352471B8748AB0050EC93 /* Models */,
			);
			name = "Core Data";
			sourceTree = "<group>";
		};
		05C351FF1B8735570050EC93 /* Utils */ = {
			isa = PBXGroup;
			children = (
				05157C861B8B311400A6714F /* Time Utils */,
				05157C7F1B8B25C400A6714F /* NSDate Compare Category */,
				05157C781B8B231500A6714F /* Time Interval Validator */,
				05C352891B8768790050EC93 /* Validation Category */,
				05C3523B1B8741900050EC93 /* Project Generator */,
				05C352031B87366B0050EC93 /* Constants.m */,
				05C352041B87366B0050EC93 /* Constants.h */,
			);
			name = Utils;
			sourceTree = "<group>";
		};
		05C3523B1B8741900050EC93 /* Project Generator */ = {
			isa = PBXGroup;
			children = (
				05C3523C1B8741A60050EC93 /* TDProjectGenerator.h */,
				05C3523D1B8741A60050EC93 /* TDProjectGenerator.m */,
			);
			name = "Project Generator";
			sourceTree = "<group>";
		};
		05C352471B8748AB0050EC93 /* Models */ = {
			isa = PBXGroup;
			children = (
				05157C6D1B8B0FEB00A6714F /* TimeInterval.h */,
				05157C6E1B8B0FEB00A6714F /* TimeInterval.m */,
				05157C6A1B8B0EC200A6714F /* Project.h */,
				05157C6B1B8B0EC200A6714F /* Project.m */,
			);
			name = Models;
			sourceTree = "<group>";
		};
		05C352481B87597A0050EC93 /* Manangers */ = {
			isa = PBXGroup;
			children = (
				05C352861B8763960050EC93 /* TDCoreDataManager.h */,
				05C352871B8763960050EC93 /* TDCoreDataManager.m */,
			);
			name = Manangers;
			sourceTree = "<group>";
		};
		05C352821B875C370050EC93 /* New Project Modal */ = {
			isa = PBXGroup;
			children = (
				05C352831B875C540050EC93 /* TDNewProjectModalViewController.h */,
				05C352841B875C540050EC93 /* TDNewProjectModalViewController.m */,
			);
			name = "New Project Modal";
			sourceTree = "<group>";
		};
		05C352891B8768790050EC93 /* Validation Category */ = {
			isa = PBXGroup;
			children = (
				05C3528A1B8768B10050EC93 /* NSString+StringValidation.h */,
				05C3528B1B8768B10050EC93 /* NSString+StringValidation.m */,
			);
			name = "Validation Category";
			sourceTree = "<group>";
		};
		86B9ECF029E25F0C7AEAB841 /* Frameworks */ = {
			isa = PBXGroup;
			children = (
				548FE8108CD480B42A766BC4 /* libPods.a */,
			);
			name = Frameworks;
			sourceTree = "<group>";
		};
		AFB8BE60C6A0E36ED1F4A8D5 /* Pods */ = {
			isa = PBXGroup;
			children = (
				1D49A09B80E84C22FFE8FF62 /* Pods.debug.xcconfig */,
				CE0DADDD27101DE8BA230052 /* Pods.release.xcconfig */,
			);
			name = Pods;
			sourceTree = "<group>";
		};
/* End PBXGroup section */

/* Begin PBXNativeTarget section */
		05C351C91B872A8A0050EC93 /* e-conomic-demo */ = {
			isa = PBXNativeTarget;
			buildConfigurationList = 05C351F01B872A8A0050EC93 /* Build configuration list for PBXNativeTarget "e-conomic-demo" */;
			buildPhases = (
				56B0C8A0AF64F3A521F8EC3E /* Check Pods Manifest.lock */,
				05C351C61B872A8A0050EC93 /* Sources */,
				05C351C71B872A8A0050EC93 /* Frameworks */,
				05C351C81B872A8A0050EC93 /* Resources */,
				80D3A89F1EA54BB489996B8A /* Copy Pods Resources */,
			);
			buildRules = (
			);
			dependencies = (
			);
			name = "e-conomic-demo";
			productName = "e-conomic-demo";
			productReference = 05C351CA1B872A8A0050EC93 /* e-conomic-demo.app */;
			productType = "com.apple.product-type.application";
		};
		05C351E51B872A8A0050EC93 /* e-conomic-demoTests */ = {
			isa = PBXNativeTarget;
			buildConfigurationList = 05C351F31B872A8A0050EC93 /* Build configuration list for PBXNativeTarget "e-conomic-demoTests" */;
			buildPhases = (
				A7C81BA92C9BE1C4D4CC192D /* Check Pods Manifest.lock */,
				05C351E21B872A8A0050EC93 /* Sources */,
				05C351E31B872A8A0050EC93 /* Frameworks */,
				05C351E41B872A8A0050EC93 /* Resources */,
				98E7ED4705F41FAA7D80C669 /* Copy Pods Resources */,
			);
			buildRules = (
			);
			dependencies = (
				05C351E81B872A8A0050EC93 /* PBXTargetDependency */,
			);
			name = "e-conomic-demoTests";
			productName = "e-conomic-demoTests";
			productReference = 05C351E61B872A8A0050EC93 /* e-conomic-demoTests.xctest */;
			productType = "com.apple.product-type.bundle.unit-test";
		};
/* End PBXNativeTarget section */

/* Begin PBXProject section */
		05C351C21B872A8A0050EC93 /* Project object */ = {
			isa = PBXProject;
			attributes = {
				LastUpgradeCheck = 0640;
				ORGANIZATIONNAME = tudordev.com;
				TargetAttributes = {
					05C351C91B872A8A0050EC93 = {
						CreatedOnToolsVersion = 6.4;
					};
					05C351E51B872A8A0050EC93 = {
						CreatedOnToolsVersion = 6.4;
						TestTargetID = 05C351C91B872A8A0050EC93;
					};
				};
			};
			buildConfigurationList = 05C351C51B872A8A0050EC93 /* Build configuration list for PBXProject "e-conomic-demo" */;
			compatibilityVersion = "Xcode 3.2";
			developmentRegion = English;
			hasScannedForEncodings = 0;
			knownRegions = (
				en,
				Base,
			);
			mainGroup = 05C351C11B872A8A0050EC93;
			productRefGroup = 05C351CB1B872A8A0050EC93 /* Products */;
			projectDirPath = "";
			projectRoot = "";
			targets = (
				05C351C91B872A8A0050EC93 /* e-conomic-demo */,
				05C351E51B872A8A0050EC93 /* e-conomic-demoTests */,
			);
		};
/* End PBXProject section */

/* Begin PBXResourcesBuildPhase section */
		05C351C81B872A8A0050EC93 /* Resources */ = {
			isa = PBXResourcesBuildPhase;
			buildActionMask = 2147483647;
			files = (
				05C351DC1B872A8A0050EC93 /* Main.storyboard in Resources */,
				05C351E11B872A8A0050EC93 /* LaunchScreen.xib in Resources */,
				05C351DE1B872A8A0050EC93 /* Images.xcassets in Resources */,
			);
			runOnlyForDeploymentPostprocessing = 0;
		};
		05C351E41B872A8A0050EC93 /* Resources */ = {
			isa = PBXResourcesBuildPhase;
			buildActionMask = 2147483647;
			files = (
			);
			runOnlyForDeploymentPostprocessing = 0;
		};
/* End PBXResourcesBuildPhase section */

/* Begin PBXShellScriptBuildPhase section */
		56B0C8A0AF64F3A521F8EC3E /* Check Pods Manifest.lock */ = {
			isa = PBXShellScriptBuildPhase;
			buildActionMask = 2147483647;
			files = (
			);
			inputPaths = (
			);
			name = "Check Pods Manifest.lock";
			outputPaths = (
			);
			runOnlyForDeploymentPostprocessing = 0;
			shellPath = /bin/sh;
			shellScript = "diff \"${PODS_ROOT}/../Podfile.lock\" \"${PODS_ROOT}/Manifest.lock\" > /dev/null\nif [[ $? != 0 ]] ; then\n    cat << EOM\nerror: The sandbox is not in sync with the Podfile.lock. Run 'pod install' or update your CocoaPods installation.\nEOM\n    exit 1\nfi\n";
			showEnvVarsInLog = 0;
		};
		80D3A89F1EA54BB489996B8A /* Copy Pods Resources */ = {
			isa = PBXShellScriptBuildPhase;
			buildActionMask = 2147483647;
			files = (
			);
			inputPaths = (
			);
			name = "Copy Pods Resources";
			outputPaths = (
			);
			runOnlyForDeploymentPostprocessing = 0;
			shellPath = /bin/sh;
			shellScript = "\"${SRCROOT}/Pods/Target Support Files/Pods/Pods-resources.sh\"\n";
			showEnvVarsInLog = 0;
		};
		98E7ED4705F41FAA7D80C669 /* Copy Pods Resources */ = {
			isa = PBXShellScriptBuildPhase;
			buildActionMask = 2147483647;
			files = (
			);
			inputPaths = (
			);
			name = "Copy Pods Resources";
			outputPaths = (
			);
			runOnlyForDeploymentPostprocessing = 0;
			shellPath = /bin/sh;
			shellScript = "\"${SRCROOT}/Pods/Target Support Files/Pods/Pods-resources.sh\"\n";
			showEnvVarsInLog = 0;
		};
		A7C81BA92C9BE1C4D4CC192D /* Check Pods Manifest.lock */ = {
			isa = PBXShellScriptBuildPhase;
			buildActionMask = 2147483647;
			files = (
			);
			inputPaths = (
			);
			name = "Check Pods Manifest.lock";
			outputPaths = (
			);
			runOnlyForDeploymentPostprocessing = 0;
			shellPath = /bin/sh;
			shellScript = "diff \"${PODS_ROOT}/../Podfile.lock\" \"${PODS_ROOT}/Manifest.lock\" > /dev/null\nif [[ $? != 0 ]] ; then\n    cat << EOM\nerror: The sandbox is not in sync with the Podfile.lock. Run 'pod install' or update your CocoaPods installation.\nEOM\n    exit 1\nfi\n";
			showEnvVarsInLog = 0;
		};
/* End PBXShellScriptBuildPhase section */

/* Begin PBXSourcesBuildPhase section */
		05C351C61B872A8A0050EC93 /* Sources */ = {
			isa = PBXSourcesBuildPhase;
			buildActionMask = 2147483647;
			files = (
				05157C7E1B8B25BD00A6714F /* NSDate+CompareDates.m in Sources */,
				05C351D91B872A8A0050EC93 /* TDProjectsOverviewViewController.m in Sources */,
				05C351D31B872A8A0050EC93 /* AppDelegate.m in Sources */,
				05C351D61B872A8A0050EC93 /* TDProjectListViewController.m in Sources */,
				05157C6C1B8B0EC200A6714F /* Project.m in Sources */,
				05C352851B875C540050EC93 /* TDNewProjectModalViewController.m in Sources */,
				05157C651B8AFECF00A6714F /* TDProjectOverviewTableViewController.m in Sources */,
				052695881B8A6D9200257B10 /* TDNewIntervalTableViewController.m in Sources */,
				05C3523E1B8741A60050EC93 /* TDProjectGenerator.m in Sources */,
				05C352881B8763960050EC93 /* TDCoreDataManager.m in Sources */,
				05157C6F1B8B0FEB00A6714F /* TimeInterval.m in Sources */,
				05C351D01B872A8A0050EC93 /* main.m in Sources */,
				05157C681B8AFF8700A6714F /* TDIntervalTableViewCell.m in Sources */,
				05C351FD1B8733150050EC93 /* e-conomic-model.xcdatamodeld in Sources */,
				05157C851B8B311100A6714F /* TDTimeUtils.m in Sources */,
				05C352051B87366B0050EC93 /* Constants.m in Sources */,
				05C3528C1B8768B10050EC93 /* NSString+StringValidation.m in Sources */,
				05157C7B1B8B233000A6714F /* TDTimeIntervalValidator.m in Sources */,
			);
			runOnlyForDeploymentPostprocessing = 0;
		};
		05C351E21B872A8A0050EC93 /* Sources */ = {
			isa = PBXSourcesBuildPhase;
			buildActionMask = 2147483647;
			files = (
				05C351ED1B872A8A0050EC93 /* e_conomic_demoTests.m in Sources */,
			);
			runOnlyForDeploymentPostprocessing = 0;
		};
/* End PBXSourcesBuildPhase section */

/* Begin PBXTargetDependency section */
		05C351E81B872A8A0050EC93 /* PBXTargetDependency */ = {
			isa = PBXTargetDependency;
			target = 05C351C91B872A8A0050EC93 /* e-conomic-demo */;
			targetProxy = 05C351E71B872A8A0050EC93 /* PBXContainerItemProxy */;
		};
/* End PBXTargetDependency section */

/* Begin PBXVariantGroup section */
		05C351DA1B872A8A0050EC93 /* Main.storyboard */ = {
			isa = PBXVariantGroup;
			children = (
				05C351DB1B872A8A0050EC93 /* Base */,
			);
			name = Main.storyboard;
			sourceTree = "<group>";
		};
		05C351DF1B872A8A0050EC93 /* LaunchScreen.xib */ = {
			isa = PBXVariantGroup;
			children = (
				05C351E01B872A8A0050EC93 /* Base */,
			);
			name = LaunchScreen.xib;
			sourceTree = "<group>";
		};
/* End PBXVariantGroup section */

/* Begin XCBuildConfiguration section */
		05C351EE1B872A8A0050EC93 /* Debug */ = {
			isa = XCBuildConfiguration;
			buildSettings = {
				ALWAYS_SEARCH_USER_PATHS = NO;
				CLANG_CXX_LANGUAGE_STANDARD = "gnu++0x";
				CLANG_CXX_LIBRARY = "libc++";
				CLANG_ENABLE_MODULES = YES;
				CLANG_ENABLE_OBJC_ARC = YES;
				CLANG_WARN_BOOL_CONVERSION = YES;
				CLANG_WARN_CONSTANT_CONVERSION = YES;
				CLANG_WARN_DIRECT_OBJC_ISA_USAGE = YES_ERROR;
				CLANG_WARN_EMPTY_BODY = YES;
				CLANG_WARN_ENUM_CONVERSION = YES;
				CLANG_WARN_INT_CONVERSION = YES;
				CLANG_WARN_OBJC_ROOT_CLASS = YES_ERROR;
				CLANG_WARN_UNREACHABLE_CODE = YES;
				CLANG_WARN__DUPLICATE_METHOD_MATCH = YES;
				"CODE_SIGN_IDENTITY[sdk=iphoneos*]" = "iPhone Developer";
				COPY_PHASE_STRIP = NO;
				DEBUG_INFORMATION_FORMAT = "dwarf-with-dsym";
				ENABLE_STRICT_OBJC_MSGSEND = YES;
				GCC_C_LANGUAGE_STANDARD = gnu99;
				GCC_DYNAMIC_NO_PIC = NO;
				GCC_NO_COMMON_BLOCKS = YES;
				GCC_OPTIMIZATION_LEVEL = 0;
				GCC_PREPROCESSOR_DEFINITIONS = (
					"DEBUG=1",
					"$(inherited)",
				);
				GCC_SYMBOLS_PRIVATE_EXTERN = NO;
				GCC_WARN_64_TO_32_BIT_CONVERSION = YES;
				GCC_WARN_ABOUT_RETURN_TYPE = YES_ERROR;
				GCC_WARN_UNDECLARED_SELECTOR = YES;
				GCC_WARN_UNINITIALIZED_AUTOS = YES_AGGRESSIVE;
				GCC_WARN_UNUSED_FUNCTION = YES;
				GCC_WARN_UNUSED_VARIABLE = YES;
				IPHONEOS_DEPLOYMENT_TARGET = 8.4;
				MTL_ENABLE_DEBUG_INFO = YES;
				ONLY_ACTIVE_ARCH = YES;
				SDKROOT = iphoneos;
			};
			name = Debug;
		};
		05C351EF1B872A8A0050EC93 /* Release */ = {
			isa = XCBuildConfiguration;
			buildSettings = {
				ALWAYS_SEARCH_USER_PATHS = NO;
				CLANG_CXX_LANGUAGE_STANDARD = "gnu++0x";
				CLANG_CXX_LIBRARY = "libc++";
				CLANG_ENABLE_MODULES = YES;
				CLANG_ENABLE_OBJC_ARC = YES;
				CLANG_WARN_BOOL_CONVERSION = YES;
				CLANG_WARN_CONSTANT_CONVERSION = YES;
				CLANG_WARN_DIRECT_OBJC_ISA_USAGE = YES_ERROR;
				CLANG_WARN_EMPTY_BODY = YES;
				CLANG_WARN_ENUM_CONVERSION = YES;
				CLANG_WARN_INT_CONVERSION = YES;
				CLANG_WARN_OBJC_ROOT_CLASS = YES_ERROR;
				CLANG_WARN_UNREACHABLE_CODE = YES;
				CLANG_WARN__DUPLICATE_METHOD_MATCH = YES;
				"CODE_SIGN_IDENTITY[sdk=iphoneos*]" = "iPhone Developer";
				COPY_PHASE_STRIP = NO;
				DEBUG_INFORMATION_FORMAT = "dwarf-with-dsym";
				ENABLE_NS_ASSERTIONS = NO;
				ENABLE_STRICT_OBJC_MSGSEND = YES;
				GCC_C_LANGUAGE_STANDARD = gnu99;
				GCC_NO_COMMON_BLOCKS = YES;
				GCC_WARN_64_TO_32_BIT_CONVERSION = YES;
				GCC_WARN_ABOUT_RETURN_TYPE = YES_ERROR;
				GCC_WARN_UNDECLARED_SELECTOR = YES;
				GCC_WARN_UNINITIALIZED_AUTOS = YES_AGGRESSIVE;
				GCC_WARN_UNUSED_FUNCTION = YES;
				GCC_WARN_UNUSED_VARIABLE = YES;
				IPHONEOS_DEPLOYMENT_TARGET = 8.4;
				MTL_ENABLE_DEBUG_INFO = NO;
				SDKROOT = iphoneos;
				VALIDATE_PRODUCT = YES;
			};
			name = Release;
		};
		05C351F11B872A8A0050EC93 /* Debug */ = {
			isa = XCBuildConfiguration;
			baseConfigurationReference = 1D49A09B80E84C22FFE8FF62 /* Pods.debug.xcconfig */;
			buildSettings = {
				ASSETCATALOG_COMPILER_APPICON_NAME = AppIcon;
				GCC_PRECOMPILE_PREFIX_HEADER = NO;
				GCC_PREFIX_HEADER = "/Users/tudorgk/Documents/ios-projects/e-conomic-demo/e-conomic-demo/e-conomic-PrefixHeader.pch";
				INFOPLIST_FILE = "e-conomic-demo/Info.plist";
				LD_RUNPATH_SEARCH_PATHS = "$(inherited) @executable_path/Frameworks";
				PRODUCT_NAME = "$(TARGET_NAME)";
			};
			name = Debug;
		};
		05C351F21B872A8A0050EC93 /* Release */ = {
			isa = XCBuildConfiguration;
			baseConfigurationReference = CE0DADDD27101DE8BA230052 /* Pods.release.xcconfig */;
			buildSettings = {
				ASSETCATALOG_COMPILER_APPICON_NAME = AppIcon;
				GCC_PRECOMPILE_PREFIX_HEADER = NO;
				GCC_PREFIX_HEADER = "/Users/tudorgk/Documents/ios-projects/e-conomic-demo/e-conomic-demo/e-conomic-PrefixHeader.pch";
				INFOPLIST_FILE = "e-conomic-demo/Info.plist";
				LD_RUNPATH_SEARCH_PATHS = "$(inherited) @executable_path/Frameworks";
				PRODUCT_NAME = "$(TARGET_NAME)";
			};
			name = Release;
		};
		05C351F41B872A8A0050EC93 /* Debug */ = {
			isa = XCBuildConfiguration;
			baseConfigurationReference = 1D49A09B80E84C22FFE8FF62 /* Pods.debug.xcconfig */;
			buildSettings = {
				BUNDLE_LOADER = "$(TEST_HOST)";
				FRAMEWORK_SEARCH_PATHS = (
					"$(SDKROOT)/Developer/Library/Frameworks",
					"$(inherited)",
				);
				GCC_PREPROCESSOR_DEFINITIONS = (
					"DEBUG=1",
					"$(inherited)",
				);
				INFOPLIST_FILE = "e-conomic-demoTests/Info.plist";
				LD_RUNPATH_SEARCH_PATHS = "$(inherited) @executable_path/Frameworks @loader_path/Frameworks";
				PRODUCT_NAME = "$(TARGET_NAME)";
				TEST_HOST = "$(BUILT_PRODUCTS_DIR)/e-conomic-demo.app/e-conomic-demo";
			};
			name = Debug;
		};
		05C351F51B872A8A0050EC93 /* Release */ = {
			isa = XCBuildConfiguration;
			baseConfigurationReference = CE0DADDD27101DE8BA230052 /* Pods.release.xcconfig */;
			buildSettings = {
				BUNDLE_LOADER = "$(TEST_HOST)";
				FRAMEWORK_SEARCH_PATHS = (
					"$(SDKROOT)/Developer/Library/Frameworks",
					"$(inherited)",
				);
				INFOPLIST_FILE = "e-conomic-demoTests/Info.plist";
				LD_RUNPATH_SEARCH_PATHS = "$(inherited) @executable_path/Frameworks @loader_path/Frameworks";
				PRODUCT_NAME = "$(TARGET_NAME)";
				TEST_HOST = "$(BUILT_PRODUCTS_DIR)/e-conomic-demo.app/e-conomic-demo";
			};
			name = Release;
		};
/* End XCBuildConfiguration section */

/* Begin XCConfigurationList section */
		05C351C51B872A8A0050EC93 /* Build configuration list for PBXProject "e-conomic-demo" */ = {
			isa = XCConfigurationList;
			buildConfigurations = (
				05C351EE1B872A8A0050EC93 /* Debug */,
				05C351EF1B872A8A0050EC93 /* Release */,
			);
			defaultConfigurationIsVisible = 0;
			defaultConfigurationName = Release;
		};
		05C351F01B872A8A0050EC93 /* Build configuration list for PBXNativeTarget "e-conomic-demo" */ = {
			isa = XCConfigurationList;
			buildConfigurations = (
				05C351F11B872A8A0050EC93 /* Debug */,
				05C351F21B872A8A0050EC93 /* Release */,
			);
			defaultConfigurationIsVisible = 0;
			defaultConfigurationName = Release;
		};
		05C351F31B872A8A0050EC93 /* Build configuration list for PBXNativeTarget "e-conomic-demoTests" */ = {
			isa = XCConfigurationList;
			buildConfigurations = (
				05C351F41B872A8A0050EC93 /* Debug */,
				05C351F51B872A8A0050EC93 /* Release */,
			);
			defaultConfigurationIsVisible = 0;
			defaultConfigurationName = Release;
		};
/* End XCConfigurationList section */

/* Begin XCVersionGroup section */
		05C351FB1B8733150050EC93 /* e-conomic-model.xcdatamodeld */ = {
			isa = XCVersionGroup;
			children = (
				05C351FC1B8733150050EC93 /* e-conomic-model.xcdatamodel */,
			);
			currentVersion = 05C351FC1B8733150050EC93 /* e-conomic-model.xcdatamodel */;
			path = "e-conomic-model.xcdatamodeld";
			sourceTree = "<group>";
			versionGroupType = wrapper.xcdatamodel;
		};
/* End XCVersionGroup section */
	};
	rootObject = 05C351C21B872A8A0050EC93 /* Project object */;
}
